
Microsoft Visual Studio Solution File, Format Version 12.00
# Visual Studio 2015
Project("{FAE04EC0-301F-11D3-BF4B-00C04F79EFBC}") = "ARK SINISTER.CSharp", "ARK SINISTER.CSharp.csproj", "{91416262-089B-519E-DB75-06C9E14D35DA}"
EndProject
Global
	GlobalSection(SolutionConfigurationPlatforms) = preSolution
		Debug|Any CPU = Debug|Any CPU
		Release|Any CPU = Release|Any CPU
	EndGlobalSection
	GlobalSection(ProjectConfigurationPlatforms) = postSolution
		{91416262-089B-519E-DB75-06C9E14D35DA}.Debug|Any CPU.ActiveCfg = Debug|Any CPU
		{91416262-089B-519E-DB75-06C9E14D35DA}.Debug|Any CPU.Build.0 = Debug|Any CPU
		{91416262-089B-519E-DB75-06C9E14D35DA}.Release|Any CPU.ActiveCfg = Release|Any CPU
		{91416262-089B-519E-DB75-06C9E14D35DA}.Release|Any CPU.Build.0 = Release|Any CPU
	EndGlobalSection
	GlobalSection(SolutionProperties) = preSolution
		HideSolutionNode = FALSE
	EndGlobalSection
EndGlobal
